
Microsoft Visual Studio Solution File, Format Version 12.00
# Visual Studio Version 16
VisualStudioVersion = 16.0.29326.143
MinimumVisualStudioVersion = 10.0.40219.1
Project("{FAE04EC0-301F-11D3-BF4B-00C04F79EFBC}") = "5_3_RefactoringTowardsALoosely-coupledDesign", "5_3_RefactoringTowardsALoosely-coupledDesign\5_3_RefactoringTowardsALoosely-coupledDesign.csproj", "{BC40239C-9433-4EAC-B916-0C88598466C5}"
EndProject
Project("{FAE04EC0-301F-11D3-BF4B-00C04F79EFBC}") = "TestNinja.UnitTests", "TestNinja.UnitTests\TestNinja.UnitTests.csproj", "{4FBF92CF-EDBF-4AAF-A2A4-2ED63ADD5266}"
EndProject
Global
	GlobalSection(SolutionConfigurationPlatforms) = preSolution
		Debug|Any CPU = Debug|Any CPU
		Release|Any CPU = Release|Any CPU
	EndGlobalSection
	GlobalSection(ProjectConfigurationPlatforms) = postSolution
		{BC40239C-9433-4EAC-B916-0C88598466C5}.Debug|Any CPU.ActiveCfg = Debug|Any CPU
		{BC40239C-9433-4EAC-B916-0C88598466C5}.Debug|Any CPU.Build.0 = Debug|Any CPU
		{BC40239C-9433-4EAC-B916-0C88598466C5}.Release|Any CPU.ActiveCfg = Release|Any CPU
		{BC40239C-9433-4EAC-B916-0C88598466C5}.Release|Any CPU.Build.0 = Release|Any CPU
		{4FBF92CF-EDBF-4AAF-A2A4-2ED63ADD5266}.Debug|Any CPU.ActiveCfg = Debug|Any CPU
		{4FBF92CF-EDBF-4AAF-A2A4-2ED63ADD5266}.Debug|Any CPU.Build.0 = Debug|Any CPU
		{4FBF92CF-EDBF-4AAF-A2A4-2ED63ADD5266}.Release|Any CPU.ActiveCfg = Release|Any CPU
		{4FBF92CF-EDBF-4AAF-A2A4-2ED63ADD5266}.Release|Any CPU.Build.0 = Release|Any CPU
	EndGlobalSection
	GlobalSection(SolutionProperties) = preSolution
		HideSolutionNode = FALSE
	EndGlobalSection
	GlobalSection(ExtensibilityGlobals) = postSolution
		SolutionGuid = {40876C63-E2F1-4CF5-8B23-86F4F9757D40}
	EndGlobalSection
EndGlobal
